
Microsoft Visual Studio Solution File, Format Version 12.00
# Visual Studio Version 17
VisualStudioVersion = 17.8.34309.116
MinimumVisualStudioVersion = 10.0.40219.1
Project("{FAE04EC0-301F-11D3-BF4B-00C04F79EFBC}") = "Base64ToFile", "Base64ToFile\Base64ToFile.csproj", "{9A110919-BF67-479B-A46B-6EFBDEC0E917}"
EndProject
Global
	GlobalSection(SolutionConfigurationPlatforms) = preSolution
		Debug|Any CPU = Debug|Any CPU
		Release|Any CPU = Release|Any CPU
	EndGlobalSection
	GlobalSection(ProjectConfigurationPlatforms) = postSolution
		{9A110919-BF67-479B-A46B-6EFBDEC0E917}.Debug|Any CPU.ActiveCfg = Debug|Any CPU
		{9A110919-BF67-479B-A46B-6EFBDEC0E917}.Debug|Any CPU.Build.0 = Debug|Any CPU
		{9A110919-BF67-479B-A46B-6EFBDEC0E917}.Release|Any CPU.ActiveCfg = Release|Any CPU
		{9A110919-BF67-479B-A46B-6EFBDEC0E917}.Release|Any CPU.Build.0 = Release|Any CPU
	EndGlobalSection
	GlobalSection(SolutionProperties) = preSolution
		HideSolutionNode = FALSE
	EndGlobalSection
	GlobalSection(ExtensibilityGlobals) = postSolution
		SolutionGuid = {1DE3C7A9-B5F6-4945-BD9C-D52AE4ED8370}
	EndGlobalSection
EndGlobal
